
Microsoft Visual Studio Solution File, Format Version 12.00
# Visual Studio Version 17
VisualStudioVersion = 17.14.36414.22 d17.14
MinimumVisualStudioVersion = 10.0.40219.1
Project("{2150E333-8FDC-42A3-9474-1A3956D46DE8}") = "Src", "Src", "{02EA681E-C7D8-13C7-8484-4AC65E1B71E8}"
EndProject
Project("{2150E333-8FDC-42A3-9474-1A3956D46DE8}") = "Core", "Core", "{A1336DB0-815B-41F5-ACA7-AD8ED86BA2F7}"
EndProject
Project("{2150E333-8FDC-42A3-9474-1A3956D46DE8}") = "Infrastructure", "Infrastructure", "{7C64AC83-4103-40D7-A0B1-A42F68790789}"
EndProject
Project("{2150E333-8FDC-42A3-9474-1A3956D46DE8}") = "Presentation", "Presentation", "{0FD5B131-6BEE-4C97-A1BA-076139949C8D}"
EndProject
Project("{FAE04EC0-301F-11D3-BF4B-00C04F79EFBC}") = "Domain", "Domain\Domain.csproj", "{4B8BF0C0-2557-4E55-B6EB-057CEB934D66}"
EndProject
Project("{FAE04EC0-301F-11D3-BF4B-00C04F79EFBC}") = "Application", "Application\Application.csproj", "{1D034CB7-3F4C-413F-B3D8-F7A0FEEE9136}"
EndProject
Project("{FAE04EC0-301F-11D3-BF4B-00C04F79EFBC}") = "Infrastructure", "Infrastructure\Infrastructure.csproj", "{1B2ED6CD-1B6D-4100-9BED-E1C43759AC5D}"
EndProject
Project("{FAE04EC0-301F-11D3-BF4B-00C04F79EFBC}") = "Persistence", "Persistance\Persistence.csproj", "{612DA7C1-7C1A-4DEE-8AAC-C77585986C63}"
EndProject
Project("{FAE04EC0-301F-11D3-BF4B-00C04F79EFBC}") = "WebApi", "WebApi\WebApi.csproj", "{5040E29D-7CFF-46A7-9BA6-AF2D6A8C33A8}"
EndProject
Global
	GlobalSection(SolutionConfigurationPlatforms) = preSolution
		Debug|Any CPU = Debug|Any CPU
		Release|Any CPU = Release|Any CPU
	EndGlobalSection
	GlobalSection(ProjectConfigurationPlatforms) = postSolution
		{4B8BF0C0-2557-4E55-B6EB-057CEB934D66}.Debug|Any CPU.ActiveCfg = Debug|Any CPU
		{4B8BF0C0-2557-4E55-B6EB-057CEB934D66}.Debug|Any CPU.Build.0 = Debug|Any CPU
		{4B8BF0C0-2557-4E55-B6EB-057CEB934D66}.Release|Any CPU.ActiveCfg = Release|Any CPU
		{4B8BF0C0-2557-4E55-B6EB-057CEB934D66}.Release|Any CPU.Build.0 = Release|Any CPU
		{1D034CB7-3F4C-413F-B3D8-F7A0FEEE9136}.Debug|Any CPU.ActiveCfg = Debug|Any CPU
		{1D034CB7-3F4C-413F-B3D8-F7A0FEEE9136}.Debug|Any CPU.Build.0 = Debug|Any CPU
		{1D034CB7-3F4C-413F-B3D8-F7A0FEEE9136}.Release|Any CPU.ActiveCfg = Release|Any CPU
		{1D034CB7-3F4C-413F-B3D8-F7A0FEEE9136}.Release|Any CPU.Build.0 = Release|Any CPU
		{1B2ED6CD-1B6D-4100-9BED-E1C43759AC5D}.Debug|Any CPU.ActiveCfg = Debug|Any CPU
		{1B2ED6CD-1B6D-4100-9BED-E1C43759AC5D}.Debug|Any CPU.Build.0 = Debug|Any CPU
		{1B2ED6CD-1B6D-4100-9BED-E1C43759AC5D}.Release|Any CPU.ActiveCfg = Release|Any CPU
		{1B2ED6CD-1B6D-4100-9BED-E1C43759AC5D}.Release|Any CPU.Build.0 = Release|Any CPU
		{612DA7C1-7C1A-4DEE-8AAC-C77585986C63}.Debug|Any CPU.ActiveCfg = Debug|Any CPU
		{612DA7C1-7C1A-4DEE-8AAC-C77585986C63}.Debug|Any CPU.Build.0 = Debug|Any CPU
		{612DA7C1-7C1A-4DEE-8AAC-C77585986C63}.Release|Any CPU.ActiveCfg = Release|Any CPU
		{612DA7C1-7C1A-4DEE-8AAC-C77585986C63}.Release|Any CPU.Build.0 = Release|Any CPU
		{5040E29D-7CFF-46A7-9BA6-AF2D6A8C33A8}.Debug|Any CPU.ActiveCfg = Debug|Any CPU
		{5040E29D-7CFF-46A7-9BA6-AF2D6A8C33A8}.Debug|Any CPU.Build.0 = Debug|Any CPU
		{5040E29D-7CFF-46A7-9BA6-AF2D6A8C33A8}.Release|Any CPU.ActiveCfg = Release|Any CPU
		{5040E29D-7CFF-46A7-9BA6-AF2D6A8C33A8}.Release|Any CPU.Build.0 = Release|Any CPU
	EndGlobalSection
	GlobalSection(SolutionProperties) = preSolution
		HideSolutionNode = FALSE
	EndGlobalSection
	GlobalSection(NestedProjects) = preSolution
		{A1336DB0-815B-41F5-ACA7-AD8ED86BA2F7} = {02EA681E-C7D8-13C7-8484-4AC65E1B71E8}
		{7C64AC83-4103-40D7-A0B1-A42F68790789} = {02EA681E-C7D8-13C7-8484-4AC65E1B71E8}
		{0FD5B131-6BEE-4C97-A1BA-076139949C8D} = {02EA681E-C7D8-13C7-8484-4AC65E1B71E8}
		{4B8BF0C0-2557-4E55-B6EB-057CEB934D66} = {A1336DB0-815B-41F5-ACA7-AD8ED86BA2F7}
		{1D034CB7-3F4C-413F-B3D8-F7A0FEEE9136} = {A1336DB0-815B-41F5-ACA7-AD8ED86BA2F7}
		{1B2ED6CD-1B6D-4100-9BED-E1C43759AC5D} = {7C64AC83-4103-40D7-A0B1-A42F68790789}
		{612DA7C1-7C1A-4DEE-8AAC-C77585986C63} = {7C64AC83-4103-40D7-A0B1-A42F68790789}
		{5040E29D-7CFF-46A7-9BA6-AF2D6A8C33A8} = {0FD5B131-6BEE-4C97-A1BA-076139949C8D}
	EndGlobalSection
	GlobalSection(ExtensibilityGlobals) = postSolution
		SolutionGuid = {C9A6DCBB-A7FE-40CE-8C72-67008453E34C}
	EndGlobalSection
EndGlobal
